// !$*UTF8*$!
{
	archiveVersion = 1;
	classes = {
	};
	objectVersion = 46;
	objects = {

/* Begin PBXBuildFile section */
		4EE52D3D1D26230E00EECC61 /* main.m in Sources */ = {isa = PBXBuildFile; fileRef = 4EE52D3C1D26230E00EECC61 /* main.m */; };
		4EE52D401D26230E00EECC61 /* AppDelegate.m in Sources */ = {isa = PBXBuildFile; fileRef = 4EE52D3F1D26230E00EECC61 /* AppDelegate.m */; };
		4EE52D431D26230E00EECC61 /* ViewController.m in Sources */ = {isa = PBXBuildFile; fileRef = 4EE52D421D26230E00EECC61 /* ViewController.m */; };
		4EE52D461D26230E00EECC61 /* Main.storyboard in Resources */ = {isa = PBXBuildFile; fileRef = 4EE52D441D26230E00EECC61 /* Main.storyboard */; };
		4EE52D481D26230E00EECC61 /* Assets.xcassets in Resources */ = {isa = PBXBuildFile; fileRef = 4EE52D471D26230E00EECC61 /* Assets.xcassets */; };
		4EE52D4B1D26230E00EECC61 /* LaunchScreen.storyboard in Resources */ = {isa = PBXBuildFile; fileRef = 4EE52D491D26230E00EECC61 /* LaunchScreen.storyboard */; };
		4EE52D581D26234800EECC61 /* NetWorkMonitorView.m in Sources */ = {isa = PBXBuildFile; fileRef = 4EE52D571D26234800EECC61 /* NetWorkMonitorView.m */; };
/* End PBXBuildFile section */

/* Begin PBXFileReference section */
		4EE52D381D26230E00EECC61 /* NetWorkMonitorView.app */ = {isa = PBXFileReference; explicitFileType = wrapper.application; includeInIndex = 0; path = NetWorkMonitorView.app; sourceTree = BUILT_PRODUCTS_DIR; };
		4EE52D3C1D26230E00EECC61 /* main.m */ = {isa = PBXFileReference; lastKnownFileType = sourcecode.c.objc; path = main.m; sourceTree = "<group>"; };
		4EE52D3E1D26230E00EECC61 /* AppDelegate.h */ = {isa = PBXFileReference; lastKnownFileType = sourcecode.c.h; path = AppDelegate.h; sourceTree = "<group>"; };
		4EE52D3F1D26230E00EECC61 /* AppDelegate.m */ = {isa = PBXFileReference; lastKnownFileType = sourcecode.c.objc; path = AppDelegate.m; sourceTree = "<group>"; };
		4EE52D411D26230E00EECC61 /* ViewController.h */ = {isa = PBXFileReference; lastKnownFileType = sourcecode.c.h; path = ViewController.h; sourceTree = "<group>"; };
		4EE52D421D26230E00EECC61 /* ViewController.m */ = {isa = PBXFileReference; lastKnownFileType = sourcecode.c.objc; path = ViewController.m; sourceTree = "<group>"; };
		4EE52D451D26230E00EECC61 /* Base */ = {isa = PBXFileReference; lastKnownFileType = file.storyboard; name = Base; path = Base.lproj/Main.storyboard; sourceTree = "<group>"; };
		4EE52D471D26230E00EECC61 /* Assets.xcassets */ = {isa = PBXFileReference; lastKnownFileType = folder.assetcatalog; path = Assets.xcassets; sourceTree = "<group>"; };
		4EE52D4A1D26230E00EECC61 /* Base */ = {isa = PBXFileReference; lastKnownFileType = file.storyboard; name = Base; path = Base.lproj/LaunchScreen.storyboard; sourceTree = "<group>"; };
		4EE52D4C1D26230E00EECC61 /* Info.plist */ = {isa = PBXFileReference; lastKnownFileType = text.plist.xml; path = Info.plist; sourceTree = "<group>"; };
		4EE52D561D26234800EECC61 /* NetWorkMonitorView.h */ = {isa = PBXFileReference; fileEncoding = 4; lastKnownFileType = sourcecode.c.h; path = NetWorkMonitorView.h; sourceTree = "<group>"; };
		4EE52D571D26234800EECC61 /* NetWorkMonitorView.m */ = {isa = PBXFileReference; fileEncoding = 4; lastKnownFileType = sourcecode.c.objc; path = NetWorkMonitorView.m; sourceTree = "<group>"; };
/* End PBXFileReference section */

/* Begin PBXFrameworksBuildPhase section */
		4EE52D351D26230E00EECC61 /* Frameworks */ = {
			isa = PBXFrameworksBuildPhase;
			buildActionMask = 2147483647;
			files = (
			);
			runOnlyForDeploymentPostprocessing = 0;
		};
/* End PBXFrameworksBuildPhase section */

/* Begin PBXGroup section */
		4EE52D2F1D26230E00EECC61 = {
			isa = PBXGroup;
			children = (
				4EE52D3A1D26230E00EECC61 /* NetWorkMonitorView */,
				4EE52D391D26230E00EECC61 /* Products */,
			);
			sourceTree = "<group>";
		};
		4EE52D391D26230E00EECC61 /* Products */ = {
			isa = PBXGroup;
			children = (
				4EE52D381D26230E00EECC61 /* NetWorkMonitorView.app */,
			);
			name = Products;
			sourceTree = "<group>";
		};
		4EE52D3A1D26230E00EECC61 /* NetWorkMonitorView */ = {
			isa = PBXGroup;
			children = (
				4EE52D551D26234800EECC61 /* Class */,
				4EE52D3E1D26230E00EECC61 /* AppDelegate.h */,
				4EE52D3F1D26230E00EECC61 /* AppDelegate.m */,
				4EE52D411D26230E00EECC61 /* ViewController.h */,
				4EE52D421D26230E00EECC61 /* ViewController.m */,
				4EE52D441D26230E00EECC61 /* Main.storyboard */,
				4EE52D471D26230E00EECC61 /* Assets.xcassets */,
				4EE52D491D26230E00EECC61 /* LaunchScreen.storyboard */,
				4EE52D4C1D26230E00EECC61 /* Info.plist */,
				4EE52D3B1D26230E00EECC61 /* Supporting Files */,
			);
			path = NetWorkMonitorView;
			sourceTree = "<group>";
		};
		4EE52D3B1D26230E00EECC61 /* Supporting Files */ = {
			isa = PBXGroup;
			children = (
				4EE52D3C1D26230E00EECC61 /* main.m */,
			);
			name = "Supporting Files";
			sourceTree = "<group>";
		};
		4EE52D551D26234800EECC61 /* Class */ = {
			isa = PBXGroup;
			children = (
				4EE52D561D26234800EECC61 /* NetWorkMonitorView.h */,
				4EE52D571D26234800EECC61 /* NetWorkMonitorView.m */,
			);
			path = Class;
			sourceTree = "<group>";
		};
/* End PBXGroup section */

/* Begin PBXNativeTarget section */
		4EE52D371D26230E00EECC61 /* NetWorkMonitorView */ = {
			isa = PBXNativeTarget;
			buildConfigurationList = 4EE52D4F1D26230E00EECC61 /* Build configuration list for PBXNativeTarget "NetWorkMonitorView" */;
			buildPhases = (
				4EE52D341D26230E00EECC61 /* Sources */,
				4EE52D351D26230E00EECC61 /* Frameworks */,
				4EE52D361D26230E00EECC61 /* Resources */,
			);
			buildRules = (
			);
			dependencies = (
			);
			name = NetWorkMonitorView;
			productName = NetWorkMonitorView;
			productReference = 4EE52D381D26230E00EECC61 /* NetWorkMonitorView.app */;
			productType = "com.apple.product-type.application";
		};
/* End PBXNativeTarget section */

/* Begin PBXProject section */
		4EE52D301D26230E00EECC61 /* Project object */ = {
			isa = PBXProject;
			attributes = {
				LastUpgradeCheck = 0730;
				ORGANIZATIONNAME = PCLady;
				TargetAttributes = {
					4EE52D371D26230E00EECC61 = {
						CreatedOnToolsVersion = 7.3.1;
					};
				};
			};
			buildConfigurationList = 4EE52D331D26230E00EECC61 /* Build configuration list for PBXProject "NetWorkMonitorView" */;
			compatibilityVersion = "Xcode 3.2";
			developmentRegion = English;
			hasScannedForEncodings = 0;
			knownRegions = (
				en,
				Base,
			);
			mainGroup = 4EE52D2F1D26230E00EECC61;
			productRefGroup = 4EE52D391D26230E00EECC61 /* Products */;
			projectDirPath = "";
			projectRoot = "";
			targets = (
				4EE52D371D26230E00EECC61 /* NetWorkMonitorView */,
			);
		};
/* End PBXProject section */

/* Begin PBXResourcesBuildPhase section */
		4EE52D361D26230E00EECC61 /* Resources */ = {
			isa = PBXResourcesBuildPhase;
			buildActionMask = 2147483647;
			files = (
				4EE52D4B1D26230E00EECC61 /* LaunchScreen.storyboard in Resources */,
				4EE52D481D26230E00EECC61 /* Assets.xcassets in Resources */,
				4EE52D461D26230E00EECC61 /* Main.storyboard in Resources */,
			);
			runOnlyForDeploymentPostprocessing = 0;
		};
/* End PBXResourcesBuildPhase section */

/* Begin PBXSourcesBuildPhase section */
		4EE52D341D26230E00EECC61 /* Sources */ = {
			isa = PBXSourcesBuildPhase;
			buildActionMask = 2147483647;
			files = (
				4EE52D581D26234800EECC61 /* NetWorkMonitorView.m in Sources */,
				4EE52D431D26230E00EECC61 /* ViewController.m in Sources */,
				4EE52D401D26230E00EECC61 /* AppDelegate.m in Sources */,
				4EE52D3D1D26230E00EECC61 /* main.m in Sources */,
			);
			runOnlyForDeploymentPostprocessing = 0;
		};
/* End PBXSourcesBuildPhase section */

/* Begin PBXVariantGroup section */
		4EE52D441D26230E00EECC61 /* Main.storyboard */ = {
			isa = PBXVariantGroup;
			children = (
				4EE52D451D26230E00EECC61 /* Base */,
			);
			name = Main.storyboard;
			sourceTree = "<group>";
		};
		4EE52D491D26230E00EECC61 /* LaunchScreen.storyboard */ = {
			isa = PBXVariantGroup;
			children = (
				4EE52D4A1D26230E00EECC61 /* Base */,
			);
			name = LaunchScreen.storyboard;
			sourceTree = "<group>";
		};
/* End PBXVariantGroup section */

/* Begin XCBuildConfiguration section */
		4EE52D4D1D26230E00EECC61 /* Debug */ = {
			isa = XCBuildConfiguration;
			buildSettings = {
				ALWAYS_SEARCH_USER_PATHS = NO;
				CLANG_ANALYZER_NONNULL = YES;
				CLANG_CXX_LANGUAGE_STANDARD = "gnu++0x";
				CLANG_CXX_LIBRARY = "libc++";
				CLANG_ENABLE_MODULES = YES;
				CLANG_ENABLE_OBJC_ARC = YES;
				CLANG_WARN_BOOL_CONVERSION = YES;
				CLANG_WARN_CONSTANT_CONVERSION = YES;
				CLANG_WARN_DIRECT_OBJC_ISA_USAGE = YES_ERROR;
				CLANG_WARN_EMPTY_BODY = YES;
				CLANG_WARN_ENUM_CONVERSION = YES;
				CLANG_WARN_INT_CONVERSION = YES;
				CLANG_WARN_OBJC_ROOT_CLASS = YES_ERROR;
				CLANG_WARN_UNREACHABLE_CODE = YES;
				CLANG_WARN__DUPLICATE_METHOD_MATCH = YES;
				"CODE_SIGN_IDENTITY[sdk=iphoneos*]" = "iPhone Developer";
				COPY_PHASE_STRIP = NO;
				DEBUG_INFORMATION_FORMAT = dwarf;
				ENABLE_STRICT_OBJC_MSGSEND = YES;
				ENABLE_TESTABILITY = YES;
				GCC_C_LANGUAGE_STANDARD = gnu99;
				GCC_DYNAMIC_NO_PIC = NO;
				GCC_NO_COMMON_BLOCKS = YES;
				GCC_OPTIMIZATION_LEVEL = 0;
				GCC_PREPROCESSOR_DEFINITIONS = (
					"DEBUG=1",
					"$(inherited)",
				);
				GCC_WARN_64_TO_32_BIT_CONVERSION = YES;
				GCC_WARN_ABOUT_RETURN_TYPE = YES_ERROR;
				GCC_WARN_UNDECLARED_SELECTOR = YES;
				GCC_WARN_UNINITIALIZED_AUTOS = YES_AGGRESSIVE;
				GCC_WARN_UNUSED_FUNCTION = YES;
				GCC_WARN_UNUSED_VARIABLE = YES;
				IPHONEOS_DEPLOYMENT_TARGET = 9.3;
				MTL_ENABLE_DEBUG_INFO = YES;
				ONLY_ACTIVE_ARCH = YES;
				SDKROOT = iphoneos;
			};
			name = Debug;
		};
		4EE52D4E1D26230E00EECC61 /* Release */ = {
			isa = XCBuildConfiguration;
			buildSettings = {
				ALWAYS_SEARCH_USER_PATHS = NO;
				CLANG_ANALYZER_NONNULL = YES;
				CLANG_CXX_LANGUAGE_STANDARD = "gnu++0x";
				CLANG_CXX_LIBRARY = "libc++";
				CLANG_ENABLE_MODULES = YES;
				CLANG_ENABLE_OBJC_ARC = YES;
				CLANG_WARN_BOOL_CONVERSION = YES;
				CLANG_WARN_CONSTANT_CONVERSION = YES;
				CLANG_WARN_DIRECT_OBJC_ISA_USAGE = YES_ERROR;
				CLANG_WARN_EMPTY_BODY = YES;
				CLANG_WARN_ENUM_CONVERSION = YES;
				CLANG_WARN_INT_CONVERSION = YES;
				CLANG_WARN_OBJC_ROOT_CLASS = YES_ERROR;
				CLANG_WARN_UNREACHABLE_CODE = YES;
				CLANG_WARN__DUPLICATE_METHOD_MATCH = YES;
				"CODE_SIGN_IDENTITY[sdk=iphoneos*]" = "iPhone Developer";
				COPY_PHASE_STRIP = NO;
				DEBUG_INFORMATION_FORMAT = "dwarf-with-dsym";
				ENABLE_NS_ASSERTIONS = NO;
				ENABLE_STRICT_OBJC_MSGSEND = YES;
				GCC_C_LANGUAGE_STANDARD = gnu99;
				GCC_NO_COMMON_BLOCKS = YES;
				GCC_WARN_64_TO_32_BIT_CONVERSION = YES;
				GCC_WARN_ABOUT_RETURN_TYPE = YES_ERROR;
				GCC_WARN_UNDECLARED_SELECTOR = YES;
				GCC_WARN_UNINITIALIZED_AUTOS = YES_AGGRESSIVE;
				GCC_WARN_UNUSED_FUNCTION = YES;
				GCC_WARN_UNUSED_VARIABLE = YES;
				IPHONEOS_DEPLOYMENT_TARGET = 9.3;
				MTL_ENABLE_DEBUG_INFO = NO;
				SDKROOT = iphoneos;
				VALIDATE_PRODUCT = YES;
			};
			name = Release;
		};
		4EE52D501D26230E00EECC61 /* Debug */ = {
			isa = XCBuildConfiguration;
			buildSettings = {
				ASSETCATALOG_COMPILER_APPICON_NAME = AppIcon;
				INFOPLIST_FILE = NetWorkMonitorView/Info.plist;
				IPHONEOS_DEPLOYMENT_TARGET = 7.0;
				LD_RUNPATH_SEARCH_PATHS = "$(inherited) @executable_path/Frameworks";
				PRODUCT_BUNDLE_IDENTIFIER = com.luo.h.NetWorkMonitorView;
				PRODUCT_NAME = "$(TARGET_NAME)";
			};
			name = Debug;
		};
		4EE52D511D26230E00EECC61 /* Release */ = {
			isa = XCBuildConfiguration;
			buildSettings = {
				ASSETCATALOG_COMPILER_APPICON_NAME = AppIcon;
				INFOPLIST_FILE = NetWorkMonitorView/Info.plist;
				IPHONEOS_DEPLOYMENT_TARGET = 7.0;
				LD_RUNPATH_SEARCH_PATHS = "$(inherited) @executable_path/Frameworks";
				PRODUCT_BUNDLE_IDENTIFIER = com.luo.h.NetWorkMonitorView;
				PRODUCT_NAME = "$(TARGET_NAME)";
			};
			name = Release;
		};
/* End XCBuildConfiguration section */

/* Begin XCConfigurationList section */
		4EE52D331D26230E00EECC61 /* Build configuration list for PBXProject "NetWorkMonitorView" */ = {
			isa = XCConfigurationList;
			buildConfigurations = (
				4EE52D4D1D26230E00EECC61 /* Debug */,
				4EE52D4E1D26230E00EECC61 /* Release */,
			);
			defaultConfigurationIsVisible = 0;
			defaultConfigurationName = Release;
		};
		4EE52D4F1D26230E00EECC61 /* Build configuration list for PBXNativeTarget "NetWorkMonitorView" */ = {
			isa = XCConfigurationList;
			buildConfigurations = (
				4EE52D501D26230E00EECC61 /* Debug */,
				4EE52D511D26230E00EECC61 /* Release */,
			);
			defaultConfigurationIsVisible = 0;
		};
/* End XCConfigurationList section */
	};
	rootObject = 4EE52D301D26230E00EECC61 /* Project object */;
}
